
Microsoft Visual Studio Solution File, Format Version 12.00
# Visual Studio 2012
Project("{FAE04EC0-301F-11D3-BF4B-00C04F79EFBC}") = "20.5", "20.5\20.5.csproj", "{AB9218B9-5154-4671-B86F-0891338588E1}"
EndProject
Project("{FAE04EC0-301F-11D3-BF4B-00C04F79EFBC}") = "20.6", "20.6\20.6.csproj", "{2DD319A2-AD00-4520-B38E-AA3C84E27BA0}"
EndProject
Global
	GlobalSection(SolutionConfigurationPlatforms) = preSolution
		Debug|Any CPU = Debug|Any CPU
		Release|Any CPU = Release|Any CPU
	EndGlobalSection
	GlobalSection(ProjectConfigurationPlatforms) = postSolution
		{AB9218B9-5154-4671-B86F-0891338588E1}.Debug|Any CPU.ActiveCfg = Debug|Any CPU
		{AB9218B9-5154-4671-B86F-0891338588E1}.Debug|Any CPU.Build.0 = Debug|Any CPU
		{AB9218B9-5154-4671-B86F-0891338588E1}.Release|Any CPU.ActiveCfg = Release|Any CPU
		{AB9218B9-5154-4671-B86F-0891338588E1}.Release|Any CPU.Build.0 = Release|Any CPU
		{2DD319A2-AD00-4520-B38E-AA3C84E27BA0}.Debug|Any CPU.ActiveCfg = Debug|Any CPU
		{2DD319A2-AD00-4520-B38E-AA3C84E27BA0}.Debug|Any CPU.Build.0 = Debug|Any CPU
		{2DD319A2-AD00-4520-B38E-AA3C84E27BA0}.Release|Any CPU.ActiveCfg = Release|Any CPU
		{2DD319A2-AD00-4520-B38E-AA3C84E27BA0}.Release|Any CPU.Build.0 = Release|Any CPU
	EndGlobalSection
	GlobalSection(SolutionProperties) = preSolution
		HideSolutionNode = FALSE
	EndGlobalSection
EndGlobal
