
Microsoft Visual Studio Solution File, Format Version 12.00
# Visual Studio 2012
Project("{FAE04EC0-301F-11D3-BF4B-00C04F79EFBC}") = "12.1.1", "12.1.1\12.1.1.csproj", "{FFD6484A-FB2D-43DB-A499-35A2470C2BD1}"
EndProject
Project("{FAE04EC0-301F-11D3-BF4B-00C04F79EFBC}") = "12.1.2", "12.1.2\12.1.2.csproj", "{8181FA1A-15B5-418E-B800-807FC9187C06}"
EndProject
Project("{FAE04EC0-301F-11D3-BF4B-00C04F79EFBC}") = "12.1.3", "12.1.3\12.1.3.csproj", "{1A8E6F0D-F25F-4ACF-8DFE-38783EE3C93E}"
EndProject
Project("{FAE04EC0-301F-11D3-BF4B-00C04F79EFBC}") = "12.2.1_1", "12.2.1_1\12.2.1_1.csproj", "{B7EB4AA6-4409-43E6-8AFB-4C2172E3361E}"
EndProject
Project("{FAE04EC0-301F-11D3-BF4B-00C04F79EFBC}") = "12.2.1_2", "12.2.1_2\12.2.1_2.csproj", "{4E6B4124-6027-4A9A-AB06-E7EB2449E60A}"
EndProject
Project("{FAE04EC0-301F-11D3-BF4B-00C04F79EFBC}") = "12.2.2_1", "12.2.2_1\12.2.2_1.csproj", "{00C06884-B35F-41D9-9FC8-C14FE53ECDBC}"
EndProject
Project("{FAE04EC0-301F-11D3-BF4B-00C04F79EFBC}") = "12.2.2_2", "12.2.2_2\12.2.2_2.csproj", "{66A96FDD-2F6E-40B4-BB05-4CEF82E9E181}"
EndProject
Project("{FAE04EC0-301F-11D3-BF4B-00C04F79EFBC}") = "12.3.2", "12.3.2\12.3.2.csproj", "{D2474BE4-F9DD-463A-A246-0B4A9819C270}"
EndProject
Project("{FAE04EC0-301F-11D3-BF4B-00C04F79EFBC}") = "12.3.3", "12.3.3\12.3.3.csproj", "{590146C8-EDEA-47B1-9585-0B839B2C6B03}"
EndProject
Global
	GlobalSection(SolutionConfigurationPlatforms) = preSolution
		Debug|x86 = Debug|x86
		Release|x86 = Release|x86
	EndGlobalSection
	GlobalSection(ProjectConfigurationPlatforms) = postSolution
		{FFD6484A-FB2D-43DB-A499-35A2470C2BD1}.Debug|x86.ActiveCfg = Debug|x86
		{FFD6484A-FB2D-43DB-A499-35A2470C2BD1}.Debug|x86.Build.0 = Debug|x86
		{FFD6484A-FB2D-43DB-A499-35A2470C2BD1}.Release|x86.ActiveCfg = Release|x86
		{FFD6484A-FB2D-43DB-A499-35A2470C2BD1}.Release|x86.Build.0 = Release|x86
		{8181FA1A-15B5-418E-B800-807FC9187C06}.Debug|x86.ActiveCfg = Debug|x86
		{8181FA1A-15B5-418E-B800-807FC9187C06}.Debug|x86.Build.0 = Debug|x86
		{8181FA1A-15B5-418E-B800-807FC9187C06}.Release|x86.ActiveCfg = Release|x86
		{8181FA1A-15B5-418E-B800-807FC9187C06}.Release|x86.Build.0 = Release|x86
		{1A8E6F0D-F25F-4ACF-8DFE-38783EE3C93E}.Debug|x86.ActiveCfg = Debug|x86
		{1A8E6F0D-F25F-4ACF-8DFE-38783EE3C93E}.Debug|x86.Build.0 = Debug|x86
		{1A8E6F0D-F25F-4ACF-8DFE-38783EE3C93E}.Release|x86.ActiveCfg = Release|x86
		{1A8E6F0D-F25F-4ACF-8DFE-38783EE3C93E}.Release|x86.Build.0 = Release|x86
		{B7EB4AA6-4409-43E6-8AFB-4C2172E3361E}.Debug|x86.ActiveCfg = Debug|x86
		{B7EB4AA6-4409-43E6-8AFB-4C2172E3361E}.Debug|x86.Build.0 = Debug|x86
		{B7EB4AA6-4409-43E6-8AFB-4C2172E3361E}.Release|x86.ActiveCfg = Release|x86
		{B7EB4AA6-4409-43E6-8AFB-4C2172E3361E}.Release|x86.Build.0 = Release|x86
		{4E6B4124-6027-4A9A-AB06-E7EB2449E60A}.Debug|x86.ActiveCfg = Debug|x86
		{4E6B4124-6027-4A9A-AB06-E7EB2449E60A}.Debug|x86.Build.0 = Debug|x86
		{4E6B4124-6027-4A9A-AB06-E7EB2449E60A}.Release|x86.ActiveCfg = Release|x86
		{4E6B4124-6027-4A9A-AB06-E7EB2449E60A}.Release|x86.Build.0 = Release|x86
		{00C06884-B35F-41D9-9FC8-C14FE53ECDBC}.Debug|x86.ActiveCfg = Debug|x86
		{00C06884-B35F-41D9-9FC8-C14FE53ECDBC}.Debug|x86.Build.0 = Debug|x86
		{00C06884-B35F-41D9-9FC8-C14FE53ECDBC}.Release|x86.ActiveCfg = Release|x86
		{00C06884-B35F-41D9-9FC8-C14FE53ECDBC}.Release|x86.Build.0 = Release|x86
		{66A96FDD-2F6E-40B4-BB05-4CEF82E9E181}.Debug|x86.ActiveCfg = Debug|x86
		{66A96FDD-2F6E-40B4-BB05-4CEF82E9E181}.Debug|x86.Build.0 = Debug|x86
		{66A96FDD-2F6E-40B4-BB05-4CEF82E9E181}.Release|x86.ActiveCfg = Release|x86
		{66A96FDD-2F6E-40B4-BB05-4CEF82E9E181}.Release|x86.Build.0 = Release|x86
		{D2474BE4-F9DD-463A-A246-0B4A9819C270}.Debug|x86.ActiveCfg = Debug|x86
		{D2474BE4-F9DD-463A-A246-0B4A9819C270}.Debug|x86.Build.0 = Debug|x86
		{D2474BE4-F9DD-463A-A246-0B4A9819C270}.Release|x86.ActiveCfg = Release|x86
		{D2474BE4-F9DD-463A-A246-0B4A9819C270}.Release|x86.Build.0 = Release|x86
		{590146C8-EDEA-47B1-9585-0B839B2C6B03}.Debug|x86.ActiveCfg = Debug|x86
		{590146C8-EDEA-47B1-9585-0B839B2C6B03}.Debug|x86.Build.0 = Debug|x86
		{590146C8-EDEA-47B1-9585-0B839B2C6B03}.Release|x86.ActiveCfg = Release|x86
		{590146C8-EDEA-47B1-9585-0B839B2C6B03}.Release|x86.Build.0 = Release|x86
	EndGlobalSection
	GlobalSection(SolutionProperties) = preSolution
		HideSolutionNode = FALSE
	EndGlobalSection
EndGlobal
