
Microsoft Visual Studio Solution File, Format Version 12.00
# Visual Studio 2012
Project("{FAE04EC0-301F-11D3-BF4B-00C04F79EFBC}") = "18.4.1", "18.4.1\18.4.1.csproj", "{B8694700-06CD-4485-9489-158D06589200}"
EndProject
Project("{FAE04EC0-301F-11D3-BF4B-00C04F79EFBC}") = "18.4.2", "18.4.2\18.4.2.csproj", "{333631BA-4332-4241-AC8E-281E803D0684}"
EndProject
Project("{FAE04EC0-301F-11D3-BF4B-00C04F79EFBC}") = "18.4.3", "18.4.3\18.4.3.csproj", "{2B8E4494-FC0B-4835-ADD2-68313DA78123}"
EndProject
Global
	GlobalSection(SolutionConfigurationPlatforms) = preSolution
		Debug|x86 = Debug|x86
		Release|x86 = Release|x86
	EndGlobalSection
	GlobalSection(ProjectConfigurationPlatforms) = postSolution
		{B8694700-06CD-4485-9489-158D06589200}.Debug|x86.ActiveCfg = Debug|x86
		{B8694700-06CD-4485-9489-158D06589200}.Debug|x86.Build.0 = Debug|x86
		{B8694700-06CD-4485-9489-158D06589200}.Release|x86.ActiveCfg = Release|x86
		{B8694700-06CD-4485-9489-158D06589200}.Release|x86.Build.0 = Release|x86
		{333631BA-4332-4241-AC8E-281E803D0684}.Debug|x86.ActiveCfg = Debug|x86
		{333631BA-4332-4241-AC8E-281E803D0684}.Debug|x86.Build.0 = Debug|x86
		{333631BA-4332-4241-AC8E-281E803D0684}.Release|x86.ActiveCfg = Release|x86
		{333631BA-4332-4241-AC8E-281E803D0684}.Release|x86.Build.0 = Release|x86
		{2B8E4494-FC0B-4835-ADD2-68313DA78123}.Debug|x86.ActiveCfg = Debug|x86
		{2B8E4494-FC0B-4835-ADD2-68313DA78123}.Debug|x86.Build.0 = Debug|x86
		{2B8E4494-FC0B-4835-ADD2-68313DA78123}.Release|x86.ActiveCfg = Release|x86
		{2B8E4494-FC0B-4835-ADD2-68313DA78123}.Release|x86.Build.0 = Release|x86
	EndGlobalSection
	GlobalSection(SolutionProperties) = preSolution
		HideSolutionNode = FALSE
	EndGlobalSection
EndGlobal
